{
  "name": "@ngsctt/arborist",
  "version": "0.2.0",
  "lockfileVersion": 1,
  "requires": true,
  "dependencies": {
    "@ngsctt/eslint-config": {
      "version": "1.2.0",
      "resolved": "https://registry.npmjs.org/@ngsctt/eslint-config/-/eslint-config-1.2.0.tgz",
      "integrity": "sha512-+jlpIPmxKbYPb0D7dEB153/N6Cz2EKIyWdogh7IvHQGuMbUQnc/eDA3ve+xDJbnorwfI6CYcz58iW34qgQpONg==",
      "dev": true
    },
    "@ngsctt/prettier-config": {
      "version": "0.1.0",
      "resolved": "https://registry.npmjs.org/@ngsctt/prettier-config/-/prettier-config-0.1.0.tgz",
      "integrity": "sha512-HU58dNJZ+cjDxFZ9hSaPo9k7ZtSra/eOfOdUz7/di1j8jMDxezw6HWuHoGJyrC6ULVbZjmKbmYu1qUg84ZUTmw==",
      "dev": true
    }
  }
}
